
Microsoft Visual Studio Solution File, Format Version 12.00
# Visual Studio Version 17
VisualStudioVersion = 17.12.35506.116 d17.12
MinimumVisualStudioVersion = 10.0.40219.1
Project("{FAE04EC0-301F-11D3-BF4B-00C04F79EFBC}") = "WPF_DZ6", "WPF_DZ6\WPF_DZ6.csproj", "{7B72ADD7-5EA5-4BA8-B7E0-14ACAA2DCEAF}"
EndProject
Global
	GlobalSection(SolutionConfigurationPlatforms) = preSolution
		Debug|Any CPU = Debug|Any CPU
		Release|Any CPU = Release|Any CPU
	EndGlobalSection
	GlobalSection(ProjectConfigurationPlatforms) = postSolution
		{7B72ADD7-5EA5-4BA8-B7E0-14ACAA2DCEAF}.Debug|Any CPU.ActiveCfg = Debug|Any CPU
		{7B72ADD7-5EA5-4BA8-B7E0-14ACAA2DCEAF}.Debug|Any CPU.Build.0 = Debug|Any CPU
		{7B72ADD7-5EA5-4BA8-B7E0-14ACAA2DCEAF}.Release|Any CPU.ActiveCfg = Release|Any CPU
		{7B72ADD7-5EA5-4BA8-B7E0-14ACAA2DCEAF}.Release|Any CPU.Build.0 = Release|Any CPU
	EndGlobalSection
	GlobalSection(SolutionProperties) = preSolution
		HideSolutionNode = FALSE
	EndGlobalSection
EndGlobal
